
Microsoft Visual Studio Solution File, Format Version 12.00
# Visual Studio Version 16
VisualStudioVersion = 16.0.31911.196
MinimumVisualStudioVersion = 10.0.40219.1
Project("{FAE04EC0-301F-11D3-BF4B-00C04F79EFBC}") = "artiktamam", "artiktamam\artiktamam.csproj", "{8080CDC8-C9B4-4D92-8F41-95DC8BE62E0D}"
EndProject
Global
	GlobalSection(SolutionConfigurationPlatforms) = preSolution
		Debug|Any CPU = Debug|Any CPU
		Release|Any CPU = Release|Any CPU
	EndGlobalSection
	GlobalSection(ProjectConfigurationPlatforms) = postSolution
		{8080CDC8-C9B4-4D92-8F41-95DC8BE62E0D}.Debug|Any CPU.ActiveCfg = Debug|Any CPU
		{8080CDC8-C9B4-4D92-8F41-95DC8BE62E0D}.Debug|Any CPU.Build.0 = Debug|Any CPU
		{8080CDC8-C9B4-4D92-8F41-95DC8BE62E0D}.Release|Any CPU.ActiveCfg = Release|Any CPU
		{8080CDC8-C9B4-4D92-8F41-95DC8BE62E0D}.Release|Any CPU.Build.0 = Release|Any CPU
	EndGlobalSection
	GlobalSection(SolutionProperties) = preSolution
		HideSolutionNode = FALSE
	EndGlobalSection
	GlobalSection(ExtensibilityGlobals) = postSolution
		SolutionGuid = {817B3777-C2C1-45AD-AE2F-095C9189A17E}
	EndGlobalSection
EndGlobal
